
Microsoft Visual Studio Solution File, Format Version 12.00
# Visual Studio Version 16
VisualStudioVersion = 16.0.29613.14
MinimumVisualStudioVersion = 10.0.40219.1
Project("{FAE04EC0-301F-11D3-BF4B-00C04F79EFBC}") = "SeacClient", "SeacClient\SeacClient.csproj", "{340160F6-A98E-4B5B-873B-6061159D2C4C}"
EndProject
Global
	GlobalSection(SolutionConfigurationPlatforms) = preSolution
		Debug|Any CPU = Debug|Any CPU
		Release|Any CPU = Release|Any CPU
	EndGlobalSection
	GlobalSection(ProjectConfigurationPlatforms) = postSolution
		{340160F6-A98E-4B5B-873B-6061159D2C4C}.Debug|Any CPU.ActiveCfg = Debug|Any CPU
		{340160F6-A98E-4B5B-873B-6061159D2C4C}.Debug|Any CPU.Build.0 = Debug|Any CPU
		{340160F6-A98E-4B5B-873B-6061159D2C4C}.Release|Any CPU.ActiveCfg = Release|Any CPU
		{340160F6-A98E-4B5B-873B-6061159D2C4C}.Release|Any CPU.Build.0 = Release|Any CPU
	EndGlobalSection
	GlobalSection(SolutionProperties) = preSolution
		HideSolutionNode = FALSE
	EndGlobalSection
	GlobalSection(ExtensibilityGlobals) = postSolution
		SolutionGuid = {8A81D9B9-97EC-4719-BABE-A0F64EFEB3F5}
	EndGlobalSection
EndGlobal
