
Microsoft Visual Studio Solution File, Format Version 12.00
# Visual Studio Version 16
VisualStudioVersion = 16.0.29613.14
MinimumVisualStudioVersion = 10.0.40219.1
Project("{8BC9CEB8-8B4A-11D0-8D11-00A0C91BC942}") = "GCEWCompiler", "GCEWCompiler\GCEWCompiler\GCEWCompiler.vcxproj", "{D4405D99-9C03-482F-B96E-B234963ABBB3}"
EndProject
Global
	GlobalSection(SolutionConfigurationPlatforms) = preSolution
		Debug|Any CPU = Debug|Any CPU
		Debug|x64 = Debug|x64
		Debug|x86 = Debug|x86
		Release|Any CPU = Release|Any CPU
		Release|x64 = Release|x64
		Release|x86 = Release|x86
	EndGlobalSection
	GlobalSection(ProjectConfigurationPlatforms) = postSolution
		{D4405D99-9C03-482F-B96E-B234963ABBB3}.Debug|Any CPU.ActiveCfg = Debug|Win32
		{D4405D99-9C03-482F-B96E-B234963ABBB3}.Debug|x64.ActiveCfg = Debug|x64
		{D4405D99-9C03-482F-B96E-B234963ABBB3}.Debug|x64.Build.0 = Debug|x64
		{D4405D99-9C03-482F-B96E-B234963ABBB3}.Debug|x86.ActiveCfg = Debug|Win32
		{D4405D99-9C03-482F-B96E-B234963ABBB3}.Debug|x86.Build.0 = Debug|Win32
		{D4405D99-9C03-482F-B96E-B234963ABBB3}.Release|Any CPU.ActiveCfg = Release|Win32
		{D4405D99-9C03-482F-B96E-B234963ABBB3}.Release|x64.ActiveCfg = Release|x64
		{D4405D99-9C03-482F-B96E-B234963ABBB3}.Release|x64.Build.0 = Release|x64
		{D4405D99-9C03-482F-B96E-B234963ABBB3}.Release|x86.ActiveCfg = Release|Win32
		{D4405D99-9C03-482F-B96E-B234963ABBB3}.Release|x86.Build.0 = Release|Win32
	EndGlobalSection
	GlobalSection(SolutionProperties) = preSolution
		HideSolutionNode = FALSE
	EndGlobalSection
	GlobalSection(ExtensibilityGlobals) = postSolution
		SolutionGuid = {2E580E1B-3434-4935-A359-EBD6A0653A67}
	EndGlobalSection
EndGlobal
